
Microsoft Visual Studio Solution File, Format Version 12.00
# Visual Studio Version 16
VisualStudioVersion = 16.0.28803.156
MinimumVisualStudioVersion = 10.0.40219.1
Project("{FAE04EC0-301F-11D3-BF4B-00C04F79EFBC}") = "lv7ponovno", "lv7nadoknada\lv7ponovno\lv7ponovno.csproj", "{3EE75770-4257-4C47-AADF-74926FCEB60B}"
EndProject
Project("{FAE04EC0-301F-11D3-BF4B-00C04F79EFBC}") = "lv7ponovnotest", "lv7nadoknada\lv7ponovnotest\lv7ponovnotest.csproj", "{D49DC3DA-A82F-4AFD-92D0-F59B704ACCEA}"
EndProject
Global
	GlobalSection(SolutionConfigurationPlatforms) = preSolution
		Debug|Any CPU = Debug|Any CPU
		Release|Any CPU = Release|Any CPU
	EndGlobalSection
	GlobalSection(ProjectConfigurationPlatforms) = postSolution
		{3EE75770-4257-4C47-AADF-74926FCEB60B}.Debug|Any CPU.ActiveCfg = Debug|Any CPU
		{3EE75770-4257-4C47-AADF-74926FCEB60B}.Debug|Any CPU.Build.0 = Debug|Any CPU
		{3EE75770-4257-4C47-AADF-74926FCEB60B}.Release|Any CPU.ActiveCfg = Release|Any CPU
		{3EE75770-4257-4C47-AADF-74926FCEB60B}.Release|Any CPU.Build.0 = Release|Any CPU
		{D49DC3DA-A82F-4AFD-92D0-F59B704ACCEA}.Debug|Any CPU.ActiveCfg = Debug|Any CPU
		{D49DC3DA-A82F-4AFD-92D0-F59B704ACCEA}.Debug|Any CPU.Build.0 = Debug|Any CPU
		{D49DC3DA-A82F-4AFD-92D0-F59B704ACCEA}.Release|Any CPU.ActiveCfg = Release|Any CPU
		{D49DC3DA-A82F-4AFD-92D0-F59B704ACCEA}.Release|Any CPU.Build.0 = Release|Any CPU
	EndGlobalSection
	GlobalSection(SolutionProperties) = preSolution
		HideSolutionNode = FALSE
	EndGlobalSection
	GlobalSection(ExtensibilityGlobals) = postSolution
		SolutionGuid = {7D8895A3-9174-49D5-925F-42711CECD04A}
	EndGlobalSection
EndGlobal
